
Microsoft Visual Studio Solution File, Format Version 12.00
# Visual Studio Version 17
VisualStudioVersion = 17.2.32526.322
MinimumVisualStudioVersion = 10.0.40219.1
Project("{FAE04EC0-301F-11D3-BF4B-00C04F79EFBC}") = "Challenge1", "Challenge1.csproj", "{A8EEDE1C-E922-4790-BBB7-A688F902629A}"
EndProject
Global
	GlobalSection(SolutionConfigurationPlatforms) = preSolution
		Debug|Any CPU = Debug|Any CPU
		Release|Any CPU = Release|Any CPU
	EndGlobalSection
	GlobalSection(ProjectConfigurationPlatforms) = postSolution
		{A8EEDE1C-E922-4790-BBB7-A688F902629A}.Debug|Any CPU.ActiveCfg = Debug|Any CPU
		{A8EEDE1C-E922-4790-BBB7-A688F902629A}.Debug|Any CPU.Build.0 = Debug|Any CPU
		{A8EEDE1C-E922-4790-BBB7-A688F902629A}.Release|Any CPU.ActiveCfg = Release|Any CPU
		{A8EEDE1C-E922-4790-BBB7-A688F902629A}.Release|Any CPU.Build.0 = Release|Any CPU
	EndGlobalSection
	GlobalSection(SolutionProperties) = preSolution
		HideSolutionNode = FALSE
	EndGlobalSection
	GlobalSection(ExtensibilityGlobals) = postSolution
		SolutionGuid = {34101809-D8DA-4319-BE30-37314785FC70}
	EndGlobalSection
EndGlobal
